
Microsoft Visual Studio Solution File, Format Version 12.00
# Visual Studio Version 17
VisualStudioVersion = 17.7.34024.191
MinimumVisualStudioVersion = 10.0.40219.1
Project("{FAE04EC0-301F-11D3-BF4B-00C04F79EFBC}") = "Burger_Restorant_final", "Burger_Restorant_final\Burger_Restorant_final.csproj", "{67986219-2712-452B-91FD-AD7A4CA5187A}"
EndProject
Global
	GlobalSection(SolutionConfigurationPlatforms) = preSolution
		Debug|Any CPU = Debug|Any CPU
		Release|Any CPU = Release|Any CPU
	EndGlobalSection
	GlobalSection(ProjectConfigurationPlatforms) = postSolution
		{67986219-2712-452B-91FD-AD7A4CA5187A}.Debug|Any CPU.ActiveCfg = Debug|Any CPU
		{67986219-2712-452B-91FD-AD7A4CA5187A}.Debug|Any CPU.Build.0 = Debug|Any CPU
		{67986219-2712-452B-91FD-AD7A4CA5187A}.Release|Any CPU.ActiveCfg = Release|Any CPU
		{67986219-2712-452B-91FD-AD7A4CA5187A}.Release|Any CPU.Build.0 = Release|Any CPU
	EndGlobalSection
	GlobalSection(SolutionProperties) = preSolution
		HideSolutionNode = FALSE
	EndGlobalSection
	GlobalSection(ExtensibilityGlobals) = postSolution
		SolutionGuid = {E5D81965-E7C0-4710-8412-E44750E151D4}
	EndGlobalSection
EndGlobal
